
Microsoft Visual Studio Solution File, Format Version 12.00
# Visual Studio Version 16
VisualStudioVersion = 16.0.29728.190
MinimumVisualStudioVersion = 10.0.40219.1
Project("{FAE04EC0-301F-11D3-BF4B-00C04F79EFBC}") = "the-forest-game", "the-forest-game.csproj", "{5A258CA7-6DB9-4368-875A-5C3A5C0CF1FB}"
EndProject
Global
	GlobalSection(SolutionConfigurationPlatforms) = preSolution
		Debug|Any CPU = Debug|Any CPU
		Release|Any CPU = Release|Any CPU
	EndGlobalSection
	GlobalSection(ProjectConfigurationPlatforms) = postSolution
		{5A258CA7-6DB9-4368-875A-5C3A5C0CF1FB}.Debug|Any CPU.ActiveCfg = Debug|Any CPU
		{5A258CA7-6DB9-4368-875A-5C3A5C0CF1FB}.Debug|Any CPU.Build.0 = Debug|Any CPU
		{5A258CA7-6DB9-4368-875A-5C3A5C0CF1FB}.Release|Any CPU.ActiveCfg = Release|Any CPU
		{5A258CA7-6DB9-4368-875A-5C3A5C0CF1FB}.Release|Any CPU.Build.0 = Release|Any CPU
	EndGlobalSection
	GlobalSection(SolutionProperties) = preSolution
		HideSolutionNode = FALSE
	EndGlobalSection
	GlobalSection(ExtensibilityGlobals) = postSolution
		SolutionGuid = {350F537F-CA5C-46FB-86A7-ECD7A74979FE}
	EndGlobalSection
EndGlobal
